
Microsoft Visual Studio Solution File, Format Version 12.00
# Visual Studio Version 17
VisualStudioVersion = 17.8.34309.116
MinimumVisualStudioVersion = 10.0.40219.1
Project("{FAE04EC0-301F-11D3-BF4B-00C04F79EFBC}") = "ApiRestArriendosDepa", "ApiRestArriendosDepa\ApiRestArriendosDepa.csproj", "{77AFDD14-9403-4E95-9171-D0BFC8041A01}"
EndProject
Global
	GlobalSection(SolutionConfigurationPlatforms) = preSolution
		Debug|Any CPU = Debug|Any CPU
		Release|Any CPU = Release|Any CPU
	EndGlobalSection
	GlobalSection(ProjectConfigurationPlatforms) = postSolution
		{77AFDD14-9403-4E95-9171-D0BFC8041A01}.Debug|Any CPU.ActiveCfg = Debug|Any CPU
		{77AFDD14-9403-4E95-9171-D0BFC8041A01}.Debug|Any CPU.Build.0 = Debug|Any CPU
		{77AFDD14-9403-4E95-9171-D0BFC8041A01}.Release|Any CPU.ActiveCfg = Release|Any CPU
		{77AFDD14-9403-4E95-9171-D0BFC8041A01}.Release|Any CPU.Build.0 = Release|Any CPU
	EndGlobalSection
	GlobalSection(SolutionProperties) = preSolution
		HideSolutionNode = FALSE
	EndGlobalSection
	GlobalSection(ExtensibilityGlobals) = postSolution
		SolutionGuid = {D6CB5273-2969-4B86-91E0-54FB9B6880AE}
	EndGlobalSection
EndGlobal
